
Microsoft Visual Studio Solution File, Format Version 12.00
# Visual Studio 15
VisualStudioVersion = 15.0.28010.2003
MinimumVisualStudioVersion = 10.0.40219.1
Project("{FAE04EC0-301F-11D3-BF4B-00C04F79EFBC}") = "CoffeeLovers", "CoffeeLovers\CoffeeLovers.csproj", "{DA6E11E0-5F12-46BA-A6E6-BE727BF9C041}"
EndProject
Project("{FAE04EC0-301F-11D3-BF4B-00C04F79EFBC}") = "CoffeeLovers.DAL", "CoffeeLovers.DAL\CoffeeLovers.DAL.csproj", "{E19F8767-5850-4622-B5A9-DF26339AF411}"
EndProject
Project("{FAE04EC0-301F-11D3-BF4B-00C04F79EFBC}") = "CoffeeLovers.DomainModels", "CoffeeLovers.DomainModels\CoffeeLovers.DomainModels.csproj", "{46615619-4C03-43D2-8CED-5721D2041ECA}"
EndProject
Project("{FAE04EC0-301F-11D3-BF4B-00C04F79EFBC}") = "CoffeeLovers.Common", "CoffeeLovers.Common\CoffeeLovers.Common.csproj", "{6C199314-DC42-42FC-89C6-8D7FD1BA4B5B}"
EndProject
Global
	GlobalSection(SolutionConfigurationPlatforms) = preSolution
		Debug|Any CPU = Debug|Any CPU
		Release|Any CPU = Release|Any CPU
	EndGlobalSection
	GlobalSection(ProjectConfigurationPlatforms) = postSolution
		{DA6E11E0-5F12-46BA-A6E6-BE727BF9C041}.Debug|Any CPU.ActiveCfg = Debug|Any CPU
		{DA6E11E0-5F12-46BA-A6E6-BE727BF9C041}.Debug|Any CPU.Build.0 = Debug|Any CPU
		{DA6E11E0-5F12-46BA-A6E6-BE727BF9C041}.Release|Any CPU.ActiveCfg = Release|Any CPU
		{DA6E11E0-5F12-46BA-A6E6-BE727BF9C041}.Release|Any CPU.Build.0 = Release|Any CPU
		{E19F8767-5850-4622-B5A9-DF26339AF411}.Debug|Any CPU.ActiveCfg = Debug|Any CPU
		{E19F8767-5850-4622-B5A9-DF26339AF411}.Debug|Any CPU.Build.0 = Debug|Any CPU
		{E19F8767-5850-4622-B5A9-DF26339AF411}.Release|Any CPU.ActiveCfg = Release|Any CPU
		{E19F8767-5850-4622-B5A9-DF26339AF411}.Release|Any CPU.Build.0 = Release|Any CPU
		{46615619-4C03-43D2-8CED-5721D2041ECA}.Debug|Any CPU.ActiveCfg = Debug|Any CPU
		{46615619-4C03-43D2-8CED-5721D2041ECA}.Debug|Any CPU.Build.0 = Debug|Any CPU
		{46615619-4C03-43D2-8CED-5721D2041ECA}.Release|Any CPU.ActiveCfg = Release|Any CPU
		{46615619-4C03-43D2-8CED-5721D2041ECA}.Release|Any CPU.Build.0 = Release|Any CPU
		{6C199314-DC42-42FC-89C6-8D7FD1BA4B5B}.Debug|Any CPU.ActiveCfg = Debug|Any CPU
		{6C199314-DC42-42FC-89C6-8D7FD1BA4B5B}.Debug|Any CPU.Build.0 = Debug|Any CPU
		{6C199314-DC42-42FC-89C6-8D7FD1BA4B5B}.Release|Any CPU.ActiveCfg = Release|Any CPU
		{6C199314-DC42-42FC-89C6-8D7FD1BA4B5B}.Release|Any CPU.Build.0 = Release|Any CPU
	EndGlobalSection
	GlobalSection(SolutionProperties) = preSolution
		HideSolutionNode = FALSE
	EndGlobalSection
	GlobalSection(ExtensibilityGlobals) = postSolution
		SolutionGuid = {FF4E1204-25DF-431D-9F08-9493D2DBEB76}
	EndGlobalSection
EndGlobal
